Microsoft Visual Studio Solution File, Format Version 12.00
# Visual Studio 15
Project("{8BC9CEB8-8B4A-11D0-8D11-00A0C91BC942}") = "ALL_BUILD", "ALL_BUILD.vcxproj", "{AC3974D3-3027-30B0-B77D-FE59101BBED3}"
	ProjectSection(ProjectDependencies) = postProject
		{48A9CFCC-E342-32DD-8D6E-A45EFCFE0E1A} = {48A9CFCC-E342-32DD-8D6E-A45EFCFE0E1A}
		{D070DE73-0D37-3088-A0F3-AF0F9CD54357} = {D070DE73-0D37-3088-A0F3-AF0F9CD54357}
		{9EC76613-A3BE-312B-8468-A557E11ACC90} = {9EC76613-A3BE-312B-8468-A557E11ACC90}
		{C64F93FC-14D9-3305-9311-13967F8EAE63} = {C64F93FC-14D9-3305-9311-13967F8EAE63}
		{153E4587-4FC6-3FC3-BA49-9A581BEF87C3} = {153E4587-4FC6-3FC3-BA49-9A581BEF87C3}
	EndProjectSection
EndProject
Project("{8BC9CEB8-8B4A-11D0-8D11-00A0C91BC942}") = "INSTALL", "INSTALL.vcxproj", "{A22C7F1D-1F3E-32B4-AE04-6E297CB06307}"
	ProjectSection(ProjectDependencies) = postProject
		{AC3974D3-3027-30B0-B77D-FE59101BBED3} = {AC3974D3-3027-30B0-B77D-FE59101BBED3}
		{48A9CFCC-E342-32DD-8D6E-A45EFCFE0E1A} = {48A9CFCC-E342-32DD-8D6E-A45EFCFE0E1A}
	EndProjectSection
EndProject
Project("{8BC9CEB8-8B4A-11D0-8D11-00A0C91BC942}") = "ZERO_CHECK", "ZERO_CHECK.vcxproj", "{48A9CFCC-E342-32DD-8D6E-A45EFCFE0E1A}"
	ProjectSection(ProjectDependencies) = postProject
	EndProjectSection
EndProject
Project("{8BC9CEB8-8B4A-11D0-8D11-00A0C91BC942}") = "xmr-stak", "xmr-stak.vcxproj", "{D070DE73-0D37-3088-A0F3-AF0F9CD54357}"
	ProjectSection(ProjectDependencies) = postProject
		{48A9CFCC-E342-32DD-8D6E-A45EFCFE0E1A} = {48A9CFCC-E342-32DD-8D6E-A45EFCFE0E1A}
		{9EC76613-A3BE-312B-8468-A557E11ACC90} = {9EC76613-A3BE-312B-8468-A557E11ACC90}
		{C64F93FC-14D9-3305-9311-13967F8EAE63} = {C64F93FC-14D9-3305-9311-13967F8EAE63}
	EndProjectSection
EndProject
Project("{8BC9CEB8-8B4A-11D0-8D11-00A0C91BC942}") = "xmr-stak-backend", "xmr-stak-backend.vcxproj", "{9EC76613-A3BE-312B-8468-A557E11ACC90}"
	ProjectSection(ProjectDependencies) = postProject
		{48A9CFCC-E342-32DD-8D6E-A45EFCFE0E1A} = {48A9CFCC-E342-32DD-8D6E-A45EFCFE0E1A}
		{C64F93FC-14D9-3305-9311-13967F8EAE63} = {C64F93FC-14D9-3305-9311-13967F8EAE63}
	EndProjectSection
EndProject
Project("{8BC9CEB8-8B4A-11D0-8D11-00A0C91BC942}") = "xmr-stak-c", "xmr-stak-c.vcxproj", "{C64F93FC-14D9-3305-9311-13967F8EAE63}"
	ProjectSection(ProjectDependencies) = postProject
		{48A9CFCC-E342-32DD-8D6E-A45EFCFE0E1A} = {48A9CFCC-E342-32DD-8D6E-A45EFCFE0E1A}
	EndProjectSection
EndProject
Project("{8BC9CEB8-8B4A-11D0-8D11-00A0C91BC942}") = "xmrstak_opencl_backend", "xmrstak_opencl_backend.vcxproj", "{153E4587-4FC6-3FC3-BA49-9A581BEF87C3}"
	ProjectSection(ProjectDependencies) = postProject
		{48A9CFCC-E342-32DD-8D6E-A45EFCFE0E1A} = {48A9CFCC-E342-32DD-8D6E-A45EFCFE0E1A}
		{9EC76613-A3BE-312B-8468-A557E11ACC90} = {9EC76613-A3BE-312B-8468-A557E11ACC90}
		{C64F93FC-14D9-3305-9311-13967F8EAE63} = {C64F93FC-14D9-3305-9311-13967F8EAE63}
	EndProjectSection
EndProject
Global
	GlobalSection(SolutionConfigurationPlatforms) = preSolution
		Debug|x64 = Debug|x64
		Release|x64 = Release|x64
		MinSizeRel|x64 = MinSizeRel|x64
		RelWithDebInfo|x64 = RelWithDebInfo|x64
	EndGlobalSection
	GlobalSection(ProjectConfigurationPlatforms) = postSolution
		{AC3974D3-3027-30B0-B77D-FE59101BBED3}.Debug|x64.ActiveCfg = Debug|x64
		{AC3974D3-3027-30B0-B77D-FE59101BBED3}.Debug|x64.Build.0 = Debug|x64
		{AC3974D3-3027-30B0-B77D-FE59101BBED3}.Release|x64.ActiveCfg = Release|x64
		{AC3974D3-3027-30B0-B77D-FE59101BBED3}.Release|x64.Build.0 = Release|x64
		{AC3974D3-3027-30B0-B77D-FE59101BBED3}.MinSizeRel|x64.ActiveCfg = MinSizeRel|x64
		{AC3974D3-3027-30B0-B77D-FE59101BBED3}.MinSizeRel|x64.Build.0 = MinSizeRel|x64
		{AC3974D3-3027-30B0-B77D-FE59101BBED3}.RelWithDebInfo|x64.ActiveCfg = RelWithDebInfo|x64
		{AC3974D3-3027-30B0-B77D-FE59101BBED3}.RelWithDebInfo|x64.Build.0 = RelWithDebInfo|x64
		{A22C7F1D-1F3E-32B4-AE04-6E297CB06307}.Debug|x64.ActiveCfg = Debug|x64
		{A22C7F1D-1F3E-32B4-AE04-6E297CB06307}.Release|x64.ActiveCfg = Release|x64
		{A22C7F1D-1F3E-32B4-AE04-6E297CB06307}.MinSizeRel|x64.ActiveCfg = MinSizeRel|x64
		{A22C7F1D-1F3E-32B4-AE04-6E297CB06307}.RelWithDebInfo|x64.ActiveCfg = RelWithDebInfo|x64
		{48A9CFCC-E342-32DD-8D6E-A45EFCFE0E1A}.Debug|x64.ActiveCfg = Debug|x64
		{48A9CFCC-E342-32DD-8D6E-A45EFCFE0E1A}.Debug|x64.Build.0 = Debug|x64
		{48A9CFCC-E342-32DD-8D6E-A45EFCFE0E1A}.Release|x64.ActiveCfg = Release|x64
		{48A9CFCC-E342-32DD-8D6E-A45EFCFE0E1A}.Release|x64.Build.0 = Release|x64
		{48A9CFCC-E342-32DD-8D6E-A45EFCFE0E1A}.MinSizeRel|x64.ActiveCfg = MinSizeRel|x64
		{48A9CFCC-E342-32DD-8D6E-A45EFCFE0E1A}.MinSizeRel|x64.Build.0 = MinSizeRel|x64
		{48A9CFCC-E342-32DD-8D6E-A45EFCFE0E1A}.RelWithDebInfo|x64.ActiveCfg = RelWithDebInfo|x64
		{48A9CFCC-E342-32DD-8D6E-A45EFCFE0E1A}.RelWithDebInfo|x64.Build.0 = RelWithDebInfo|x64
		{D070DE73-0D37-3088-A0F3-AF0F9CD54357}.Debug|x64.ActiveCfg = Debug|x64
		{D070DE73-0D37-3088-A0F3-AF0F9CD54357}.Debug|x64.Build.0 = Debug|x64
		{D070DE73-0D37-3088-A0F3-AF0F9CD54357}.Release|x64.ActiveCfg = Release|x64
		{D070DE73-0D37-3088-A0F3-AF0F9CD54357}.Release|x64.Build.0 = Release|x64
		{D070DE73-0D37-3088-A0F3-AF0F9CD54357}.MinSizeRel|x64.ActiveCfg = MinSizeRel|x64
		{D070DE73-0D37-3088-A0F3-AF0F9CD54357}.MinSizeRel|x64.Build.0 = MinSizeRel|x64
		{D070DE73-0D37-3088-A0F3-AF0F9CD54357}.RelWithDebInfo|x64.ActiveCfg = RelWithDebInfo|x64
		{D070DE73-0D37-3088-A0F3-AF0F9CD54357}.RelWithDebInfo|x64.Build.0 = RelWithDebInfo|x64
		{9EC76613-A3BE-312B-8468-A557E11ACC90}.Debug|x64.ActiveCfg = Debug|x64
		{9EC76613-A3BE-312B-8468-A557E11ACC90}.Debug|x64.Build.0 = Debug|x64
		{9EC76613-A3BE-312B-8468-A557E11ACC90}.Release|x64.ActiveCfg = Release|x64
		{9EC76613-A3BE-312B-8468-A557E11ACC90}.Release|x64.Build.0 = Release|x64
		{9EC76613-A3BE-312B-8468-A557E11ACC90}.MinSizeRel|x64.ActiveCfg = MinSizeRel|x64
		{9EC76613-A3BE-312B-8468-A557E11ACC90}.MinSizeRel|x64.Build.0 = MinSizeRel|x64
		{9EC76613-A3BE-312B-8468-A557E11ACC90}.RelWithDebInfo|x64.ActiveCfg = RelWithDebInfo|x64
		{9EC76613-A3BE-312B-8468-A557E11ACC90}.RelWithDebInfo|x64.Build.0 = RelWithDebInfo|x64
		{C64F93FC-14D9-3305-9311-13967F8EAE63}.Debug|x64.ActiveCfg = Debug|x64
		{C64F93FC-14D9-3305-9311-13967F8EAE63}.Debug|x64.Build.0 = Debug|x64
		{C64F93FC-14D9-3305-9311-13967F8EAE63}.Release|x64.ActiveCfg = Release|x64
		{C64F93FC-14D9-3305-9311-13967F8EAE63}.Release|x64.Build.0 = Release|x64
		{C64F93FC-14D9-3305-9311-13967F8EAE63}.MinSizeRel|x64.ActiveCfg = MinSizeRel|x64
		{C64F93FC-14D9-3305-9311-13967F8EAE63}.MinSizeRel|x64.Build.0 = MinSizeRel|x64
		{C64F93FC-14D9-3305-9311-13967F8EAE63}.RelWithDebInfo|x64.ActiveCfg = RelWithDebInfo|x64
		{C64F93FC-14D9-3305-9311-13967F8EAE63}.RelWithDebInfo|x64.Build.0 = RelWithDebInfo|x64
		{153E4587-4FC6-3FC3-BA49-9A581BEF87C3}.Debug|x64.ActiveCfg = Debug|x64
		{153E4587-4FC6-3FC3-BA49-9A581BEF87C3}.Debug|x64.Build.0 = Debug|x64
		{153E4587-4FC6-3FC3-BA49-9A581BEF87C3}.Release|x64.ActiveCfg = Release|x64
		{153E4587-4FC6-3FC3-BA49-9A581BEF87C3}.Release|x64.Build.0 = Release|x64
		{153E4587-4FC6-3FC3-BA49-9A581BEF87C3}.MinSizeRel|x64.ActiveCfg = MinSizeRel|x64
		{153E4587-4FC6-3FC3-BA49-9A581BEF87C3}.MinSizeRel|x64.Build.0 = MinSizeRel|x64
		{153E4587-4FC6-3FC3-BA49-9A581BEF87C3}.RelWithDebInfo|x64.ActiveCfg = RelWithDebInfo|x64
		{153E4587-4FC6-3FC3-BA49-9A581BEF87C3}.RelWithDebInfo|x64.Build.0 = RelWithDebInfo|x64
	EndGlobalSection
	GlobalSection(ExtensibilityGlobals) = postSolution
		SolutionGuid = {8D33C63E-A616-3585-B049-8F169309D3E9}
	EndGlobalSection
	GlobalSection(ExtensibilityAddIns) = postSolution
	EndGlobalSection
EndGlobal
